
Microsoft Visual Studio Solution File, Format Version 12.00
# Visual Studio 15
VisualStudioVersion = 15.0.27004.2005
MinimumVisualStudioVersion = 10.0.40219.1
Project("{2150E333-8FDC-42A3-9474-1A3956D46DE8}") = "Sample", "Sample", "{1226156D-861A-4B0B-8912-4C99D12A3520}"
EndProject
Project("{2150E333-8FDC-42A3-9474-1A3956D46DE8}") = "Src", "Src", "{BB813C01-452D-43C5-A28B-98A749C37224}"
EndProject
Project("{9A19103F-16F7-4668-BE54-9A1E7A4F7556}") = "generic-thrift-client", "src\generic-thrift-client\generic-thrift-client.csproj", "{571D254B-FC4C-45BA-8552-2BDBD962973F}"
EndProject
Project("{9A19103F-16F7-4668-BE54-9A1E7A4F7556}") = "ThriftService", "Sample\ThriftService\ThriftService.csproj", "{BF10C669-5A5B-4E6C-AB31-79826412DB50}"
EndProject
Project("{9A19103F-16F7-4668-BE54-9A1E7A4F7556}") = "Server", "Sample\Server\Server.csproj", "{C2F03C18-88B4-46C7-82AE-387C1AF303F3}"
EndProject
Project("{9A19103F-16F7-4668-BE54-9A1E7A4F7556}") = "Client", "Sample\Client\Client.csproj", "{E269CB3F-F8AD-4A45-9E52-B0074E5A85CC}"
EndProject
Global
	GlobalSection(SolutionConfigurationPlatforms) = preSolution
		Debug|Any CPU = Debug|Any CPU
		Release|Any CPU = Release|Any CPU
	EndGlobalSection
	GlobalSection(ProjectConfigurationPlatforms) = postSolution
		{571D254B-FC4C-45BA-8552-2BDBD962973F}.Debug|Any CPU.ActiveCfg = Debug|Any CPU
		{571D254B-FC4C-45BA-8552-2BDBD962973F}.Debug|Any CPU.Build.0 = Debug|Any CPU
		{571D254B-FC4C-45BA-8552-2BDBD962973F}.Release|Any CPU.ActiveCfg = Release|Any CPU
		{571D254B-FC4C-45BA-8552-2BDBD962973F}.Release|Any CPU.Build.0 = Release|Any CPU
		{BF10C669-5A5B-4E6C-AB31-79826412DB50}.Debug|Any CPU.ActiveCfg = Debug|Any CPU
		{BF10C669-5A5B-4E6C-AB31-79826412DB50}.Debug|Any CPU.Build.0 = Debug|Any CPU
		{BF10C669-5A5B-4E6C-AB31-79826412DB50}.Release|Any CPU.ActiveCfg = Release|Any CPU
		{BF10C669-5A5B-4E6C-AB31-79826412DB50}.Release|Any CPU.Build.0 = Release|Any CPU
		{C2F03C18-88B4-46C7-82AE-387C1AF303F3}.Debug|Any CPU.ActiveCfg = Debug|Any CPU
		{C2F03C18-88B4-46C7-82AE-387C1AF303F3}.Debug|Any CPU.Build.0 = Debug|Any CPU
		{C2F03C18-88B4-46C7-82AE-387C1AF303F3}.Release|Any CPU.ActiveCfg = Release|Any CPU
		{C2F03C18-88B4-46C7-82AE-387C1AF303F3}.Release|Any CPU.Build.0 = Release|Any CPU
		{E269CB3F-F8AD-4A45-9E52-B0074E5A85CC}.Debug|Any CPU.ActiveCfg = Debug|Any CPU
		{E269CB3F-F8AD-4A45-9E52-B0074E5A85CC}.Debug|Any CPU.Build.0 = Debug|Any CPU
		{E269CB3F-F8AD-4A45-9E52-B0074E5A85CC}.Release|Any CPU.ActiveCfg = Release|Any CPU
		{E269CB3F-F8AD-4A45-9E52-B0074E5A85CC}.Release|Any CPU.Build.0 = Release|Any CPU
	EndGlobalSection
	GlobalSection(SolutionProperties) = preSolution
		HideSolutionNode = FALSE
	EndGlobalSection
	GlobalSection(NestedProjects) = preSolution
		{571D254B-FC4C-45BA-8552-2BDBD962973F} = {BB813C01-452D-43C5-A28B-98A749C37224}
		{BF10C669-5A5B-4E6C-AB31-79826412DB50} = {1226156D-861A-4B0B-8912-4C99D12A3520}
		{C2F03C18-88B4-46C7-82AE-387C1AF303F3} = {1226156D-861A-4B0B-8912-4C99D12A3520}
		{E269CB3F-F8AD-4A45-9E52-B0074E5A85CC} = {1226156D-861A-4B0B-8912-4C99D12A3520}
	EndGlobalSection
	GlobalSection(ExtensibilityGlobals) = postSolution
		SolutionGuid = {412CF1B0-7D82-4C2C-B1B2-E18298ADEC12}
	EndGlobalSection
EndGlobal
